
Microsoft Visual Studio Solution File, Format Version 12.00
# Visual Studio Version 17
VisualStudioVersion = 17.14.36221.1 d17.14
MinimumVisualStudioVersion = 10.0.40219.1
Project("{FAE04EC0-301F-11D3-BF4B-00C04F79EFBC}") = "AutoCAD_Block_Change", "AutoCAD_Block_Change.csproj", "{34CD533E-2D45-427A-9F29-093F43F5A24D}"
EndProject
Global
	GlobalSection(SolutionConfigurationPlatforms) = preSolution
		Debug|x64 = Debug|x64
		Release|x64 = Release|x64
	EndGlobalSection
	GlobalSection(ProjectConfigurationPlatforms) = postSolution
		{34CD533E-2D45-427A-9F29-093F43F5A24D}.Debug|x64.ActiveCfg = Debug|x64
		{34CD533E-2D45-427A-9F29-093F43F5A24D}.Debug|x64.Build.0 = Debug|x64
		{34CD533E-2D45-427A-9F29-093F43F5A24D}.Release|x64.ActiveCfg = Release|x64
		{34CD533E-2D45-427A-9F29-093F43F5A24D}.Release|x64.Build.0 = Release|x64
	EndGlobalSection
	GlobalSection(SolutionProperties) = preSolution
		HideSolutionNode = FALSE
	EndGlobalSection
	GlobalSection(ExtensibilityGlobals) = postSolution
		SolutionGuid = {C5E81BA4-4496-4399-8C0E-A7AB2FC15B9E}
	EndGlobalSection
EndGlobal
